
Microsoft Visual Studio Solution File, Format Version 12.00
# Visual Studio Version 17
VisualStudioVersion = 17.14.36511.14 d17.14
MinimumVisualStudioVersion = 10.0.40219.1
Project("{2150E333-8FDC-42A3-9474-1A3956D46DE8}") = "Task0", "Task0", "{02EA681E-C7D8-13C7-8484-4AC65E1B71E8}"
EndProject
Project("{FAE04EC0-301F-11D3-BF4B-00C04F79EFBC}") = "Tyuiu.LyapinSE.Sprint3.Task0.V25", "Tyuiu.LyapinSE.Sprint3.Task0.V25\Tyuiu.LyapinSE.Sprint3.Task0.V25.csproj", "{88A6D74A-55B3-49DE-9900-006825984ABF}"
EndProject
Project("{FAE04EC0-301F-11D3-BF4B-00C04F79EFBC}") = "Tyuiu.LyapinSE.Sprint3.Task0.V25.Test", "Tyuiu.LyapinSE.Sprint3.Task0.V25.Test\Tyuiu.LyapinSE.Sprint3.Task0.V25.Test.csproj", "{59DB01EB-E378-408B-A4FE-DE4510A3CA4C}"
EndProject
Project("{FAE04EC0-301F-11D3-BF4B-00C04F79EFBC}") = "Tyuiu.LyapinSE.Sprint3.Task0.V25.Lib", "Tyuiu.LyapinSE.Sprint3.Task0.V25.Lib\Tyuiu.LyapinSE.Sprint3.Task0.V25.Lib.csproj", "{924E0809-5027-4F72-A1C7-38DF01A52E5C}"
EndProject
Project("{2150E333-8FDC-42A3-9474-1A3956D46DE8}") = "Task1", "Task1", "{A53E9E4F-C02C-42B5-BB01-E85F0FEAA6F3}"
EndProject
Project("{FAE04EC0-301F-11D3-BF4B-00C04F79EFBC}") = "Tyuiu.LyapinSE.Sprint3.Task1.V25", "Tyuiu.LyapinSE.Sprint3.Task1.V25\Tyuiu.LyapinSE.Sprint3.Task1.V25.csproj", "{F8621509-C9D4-4237-BF09-87DDB32294E4}"
EndProject
Project("{FAE04EC0-301F-11D3-BF4B-00C04F79EFBC}") = "Tyuiu.LyapinSE.Sprint3.Task1.V25.Lib", "Tyuiu.LyapinSE.Sprint3.Task1.V25.Lib\Tyuiu.LyapinSE.Sprint3.Task1.V25.Lib.csproj", "{B75DF037-247E-4576-85E8-719B8355F878}"
EndProject
Project("{FAE04EC0-301F-11D3-BF4B-00C04F79EFBC}") = "Tyuiu.LyapinSE.Sprint3.Task1.V25.Test", "Tyuiu.LyapinSE.Sprint3.Task1.V25.Test\Tyuiu.LyapinSE.Sprint3.Task1.V25.Test.csproj", "{D734A976-FF66-4D5C-A729-AC6C5C0F5225}"
EndProject
Project("{2150E333-8FDC-42A3-9474-1A3956D46DE8}") = "Task2", "Task2", "{1919A1FB-A1D2-42B2-BBDD-76BC1E8444E4}"
EndProject
Project("{FAE04EC0-301F-11D3-BF4B-00C04F79EFBC}") = "Tyuiu.LyapinSE.Sprint3.Task2.V24", "Tyuiu.LyapinSE.Sprint3.Task2.V24\Tyuiu.LyapinSE.Sprint3.Task2.V24.csproj", "{256521CE-1AB3-4EF7-89C4-CA69CE79872E}"
EndProject
Project("{FAE04EC0-301F-11D3-BF4B-00C04F79EFBC}") = "Tyuiu.LyapinSE.Sprint3.Task2.V24.Test", "Tyuiu.LyapinSE.Sprint3.Task2.V24.Test\Tyuiu.LyapinSE.Sprint3.Task2.V24.Test.csproj", "{F0D13175-009A-4A8F-9485-C3127DC1BB5A}"
EndProject
Project("{FAE04EC0-301F-11D3-BF4B-00C04F79EFBC}") = "Tyuiu.LyapinSE.Sprint3.Task2.V24.Lib", "Tyuiu.LyapinSE.Sprint3.Task2.V24.Lib\Tyuiu.LyapinSE.Sprint3.Task2.V24.Lib.csproj", "{66FA475F-36C7-44FB-8DDB-021FE3E032D7}"
EndProject
Project("{2150E333-8FDC-42A3-9474-1A3956D46DE8}") = "Task3", "Task3", "{8E1BF92C-D09B-4B41-B88E-ACD27B262D98}"
EndProject
Project("{FAE04EC0-301F-11D3-BF4B-00C04F79EFBC}") = "Tyuiu.LyapinSE.Sprint3.Task3.V24", "Tyuiu.LyapinSE.Sprint3.Task3.V24\Tyuiu.LyapinSE.Sprint3.Task3.V24.csproj", "{8E2B91D3-81B6-45F7-9EC7-54351E78A314}"
EndProject
Project("{FAE04EC0-301F-11D3-BF4B-00C04F79EFBC}") = "Tyuiu.LyapinSE.Sprint3.Task3.V24.Lib", "Tyuiu.LyapinSE.Sprint3.Task3.V24.Lib\Tyuiu.LyapinSE.Sprint3.Task3.V24.Lib.csproj", "{452513AA-A468-4021-9B8D-4386B0ED23C4}"
EndProject
Project("{FAE04EC0-301F-11D3-BF4B-00C04F79EFBC}") = "Tyuiu.LyapinSE.Sprint3.Task3.V24.Test", "Tyuiu.LyapinSE.Sprint3.Task3.V24.Test\Tyuiu.LyapinSE.Sprint3.Task3.V24.Test.csproj", "{ED901C6D-DB9C-4EA0-8098-D9B217AF70DF}"
EndProject
Project("{2150E333-8FDC-42A3-9474-1A3956D46DE8}") = "Task4", "Task4", "{86BADF10-1E2A-469F-AFAC-FB66CDBFC6F6}"
EndProject
Project("{FAE04EC0-301F-11D3-BF4B-00C04F79EFBC}") = "Tyuiu.LyapinSE.Sprint3.Task4.V2", "Tyuiu.LyapinSE.Sprint3.Task4.V2\Tyuiu.LyapinSE.Sprint3.Task4.V2.csproj", "{D0E7585E-0285-4879-80F6-B411F88A9798}"
EndProject
Project("{FAE04EC0-301F-11D3-BF4B-00C04F79EFBC}") = "Tyuiu.LyapinSE.Sprint3.Task4.V2.Test", "Tyuiu.LyapinSE.Sprint3.Task4.V2.Test\Tyuiu.LyapinSE.Sprint3.Task4.V2.Test.csproj", "{93224890-018D-4F20-8E8B-694062E0146E}"
EndProject
Project("{FAE04EC0-301F-11D3-BF4B-00C04F79EFBC}") = "Tyuiu.LyapinSE.Sprint3.Task4.V2.Lib", "Tyuiu.LyapinSE.Sprint3.Task4.V2.Lib\Tyuiu.LyapinSE.Sprint3.Task4.V2.Lib.csproj", "{5C3AECB8-235D-4296-88E3-6CD6A1E4CE79}"
EndProject
Global
	GlobalSection(SolutionConfigurationPlatforms) = preSolution
		Debug|Any CPU = Debug|Any CPU
		Release|Any CPU = Release|Any CPU
	EndGlobalSection
	GlobalSection(ProjectConfigurationPlatforms) = postSolution
		{88A6D74A-55B3-49DE-9900-006825984ABF}.Debug|Any CPU.ActiveCfg = Debug|Any CPU
		{88A6D74A-55B3-49DE-9900-006825984ABF}.Debug|Any CPU.Build.0 = Debug|Any CPU
		{88A6D74A-55B3-49DE-9900-006825984ABF}.Release|Any CPU.ActiveCfg = Release|Any CPU
		{88A6D74A-55B3-49DE-9900-006825984ABF}.Release|Any CPU.Build.0 = Release|Any CPU
		{59DB01EB-E378-408B-A4FE-DE4510A3CA4C}.Debug|Any CPU.ActiveCfg = Debug|Any CPU
		{59DB01EB-E378-408B-A4FE-DE4510A3CA4C}.Debug|Any CPU.Build.0 = Debug|Any CPU
		{59DB01EB-E378-408B-A4FE-DE4510A3CA4C}.Release|Any CPU.ActiveCfg = Release|Any CPU
		{59DB01EB-E378-408B-A4FE-DE4510A3CA4C}.Release|Any CPU.Build.0 = Release|Any CPU
		{924E0809-5027-4F72-A1C7-38DF01A52E5C}.Debug|Any CPU.ActiveCfg = Debug|Any CPU
		{924E0809-5027-4F72-A1C7-38DF01A52E5C}.Debug|Any CPU.Build.0 = Debug|Any CPU
		{924E0809-5027-4F72-A1C7-38DF01A52E5C}.Release|Any CPU.ActiveCfg = Release|Any CPU
		{924E0809-5027-4F72-A1C7-38DF01A52E5C}.Release|Any CPU.Build.0 = Release|Any CPU
		{F8621509-C9D4-4237-BF09-87DDB32294E4}.Debug|Any CPU.ActiveCfg = Debug|Any CPU
		{F8621509-C9D4-4237-BF09-87DDB32294E4}.Debug|Any CPU.Build.0 = Debug|Any CPU
		{F8621509-C9D4-4237-BF09-87DDB32294E4}.Release|Any CPU.ActiveCfg = Release|Any CPU
		{F8621509-C9D4-4237-BF09-87DDB32294E4}.Release|Any CPU.Build.0 = Release|Any CPU
		{B75DF037-247E-4576-85E8-719B8355F878}.Debug|Any CPU.ActiveCfg = Debug|Any CPU
		{B75DF037-247E-4576-85E8-719B8355F878}.Debug|Any CPU.Build.0 = Debug|Any CPU
		{B75DF037-247E-4576-85E8-719B8355F878}.Release|Any CPU.ActiveCfg = Release|Any CPU
		{B75DF037-247E-4576-85E8-719B8355F878}.Release|Any CPU.Build.0 = Release|Any CPU
		{D734A976-FF66-4D5C-A729-AC6C5C0F5225}.Debug|Any CPU.ActiveCfg = Debug|Any CPU
		{D734A976-FF66-4D5C-A729-AC6C5C0F5225}.Debug|Any CPU.Build.0 = Debug|Any CPU
		{D734A976-FF66-4D5C-A729-AC6C5C0F5225}.Release|Any CPU.ActiveCfg = Release|Any CPU
		{D734A976-FF66-4D5C-A729-AC6C5C0F5225}.Release|Any CPU.Build.0 = Release|Any CPU
		{256521CE-1AB3-4EF7-89C4-CA69CE79872E}.Debug|Any CPU.ActiveCfg = Debug|Any CPU
		{256521CE-1AB3-4EF7-89C4-CA69CE79872E}.Debug|Any CPU.Build.0 = Debug|Any CPU
		{256521CE-1AB3-4EF7-89C4-CA69CE79872E}.Release|Any CPU.ActiveCfg = Release|Any CPU
		{256521CE-1AB3-4EF7-89C4-CA69CE79872E}.Release|Any CPU.Build.0 = Release|Any CPU
		{F0D13175-009A-4A8F-9485-C3127DC1BB5A}.Debug|Any CPU.ActiveCfg = Debug|Any CPU
		{F0D13175-009A-4A8F-9485-C3127DC1BB5A}.Debug|Any CPU.Build.0 = Debug|Any CPU
		{F0D13175-009A-4A8F-9485-C3127DC1BB5A}.Release|Any CPU.ActiveCfg = Release|Any CPU
		{F0D13175-009A-4A8F-9485-C3127DC1BB5A}.Release|Any CPU.Build.0 = Release|Any CPU
		{66FA475F-36C7-44FB-8DDB-021FE3E032D7}.Debug|Any CPU.ActiveCfg = Debug|Any CPU
		{66FA475F-36C7-44FB-8DDB-021FE3E032D7}.Debug|Any CPU.Build.0 = Debug|Any CPU
		{66FA475F-36C7-44FB-8DDB-021FE3E032D7}.Release|Any CPU.ActiveCfg = Release|Any CPU
		{66FA475F-36C7-44FB-8DDB-021FE3E032D7}.Release|Any CPU.Build.0 = Release|Any CPU
		{8E2B91D3-81B6-45F7-9EC7-54351E78A314}.Debug|Any CPU.ActiveCfg = Debug|Any CPU
		{8E2B91D3-81B6-45F7-9EC7-54351E78A314}.Debug|Any CPU.Build.0 = Debug|Any CPU
		{8E2B91D3-81B6-45F7-9EC7-54351E78A314}.Release|Any CPU.ActiveCfg = Release|Any CPU
		{8E2B91D3-81B6-45F7-9EC7-54351E78A314}.Release|Any CPU.Build.0 = Release|Any CPU
		{452513AA-A468-4021-9B8D-4386B0ED23C4}.Debug|Any CPU.ActiveCfg = Debug|Any CPU
		{452513AA-A468-4021-9B8D-4386B0ED23C4}.Debug|Any CPU.Build.0 = Debug|Any CPU
		{452513AA-A468-4021-9B8D-4386B0ED23C4}.Release|Any CPU.ActiveCfg = Release|Any CPU
		{452513AA-A468-4021-9B8D-4386B0ED23C4}.Release|Any CPU.Build.0 = Release|Any CPU
		{ED901C6D-DB9C-4EA0-8098-D9B217AF70DF}.Debug|Any CPU.ActiveCfg = Debug|Any CPU
		{ED901C6D-DB9C-4EA0-8098-D9B217AF70DF}.Debug|Any CPU.Build.0 = Debug|Any CPU
		{ED901C6D-DB9C-4EA0-8098-D9B217AF70DF}.Release|Any CPU.ActiveCfg = Release|Any CPU
		{ED901C6D-DB9C-4EA0-8098-D9B217AF70DF}.Release|Any CPU.Build.0 = Release|Any CPU
		{D0E7585E-0285-4879-80F6-B411F88A9798}.Debug|Any CPU.ActiveCfg = Debug|Any CPU
		{D0E7585E-0285-4879-80F6-B411F88A9798}.Debug|Any CPU.Build.0 = Debug|Any CPU
		{D0E7585E-0285-4879-80F6-B411F88A9798}.Release|Any CPU.ActiveCfg = Release|Any CPU
		{D0E7585E-0285-4879-80F6-B411F88A9798}.Release|Any CPU.Build.0 = Release|Any CPU
		{93224890-018D-4F20-8E8B-694062E0146E}.Debug|Any CPU.ActiveCfg = Debug|Any CPU
		{93224890-018D-4F20-8E8B-694062E0146E}.Debug|Any CPU.Build.0 = Debug|Any CPU
		{93224890-018D-4F20-8E8B-694062E0146E}.Release|Any CPU.ActiveCfg = Release|Any CPU
		{93224890-018D-4F20-8E8B-694062E0146E}.Release|Any CPU.Build.0 = Release|Any CPU
		{5C3AECB8-235D-4296-88E3-6CD6A1E4CE79}.Debug|Any CPU.ActiveCfg = Debug|Any CPU
		{5C3AECB8-235D-4296-88E3-6CD6A1E4CE79}.Debug|Any CPU.Build.0 = Debug|Any CPU
		{5C3AECB8-235D-4296-88E3-6CD6A1E4CE79}.Release|Any CPU.ActiveCfg = Release|Any CPU
		{5C3AECB8-235D-4296-88E3-6CD6A1E4CE79}.Release|Any CPU.Build.0 = Release|Any CPU
	EndGlobalSection
	GlobalSection(SolutionProperties) = preSolution
		HideSolutionNode = FALSE
	EndGlobalSection
	GlobalSection(NestedProjects) = preSolution
		{88A6D74A-55B3-49DE-9900-006825984ABF} = {02EA681E-C7D8-13C7-8484-4AC65E1B71E8}
		{59DB01EB-E378-408B-A4FE-DE4510A3CA4C} = {02EA681E-C7D8-13C7-8484-4AC65E1B71E8}
		{924E0809-5027-4F72-A1C7-38DF01A52E5C} = {02EA681E-C7D8-13C7-8484-4AC65E1B71E8}
		{F8621509-C9D4-4237-BF09-87DDB32294E4} = {A53E9E4F-C02C-42B5-BB01-E85F0FEAA6F3}
		{B75DF037-247E-4576-85E8-719B8355F878} = {A53E9E4F-C02C-42B5-BB01-E85F0FEAA6F3}
		{D734A976-FF66-4D5C-A729-AC6C5C0F5225} = {A53E9E4F-C02C-42B5-BB01-E85F0FEAA6F3}
		{256521CE-1AB3-4EF7-89C4-CA69CE79872E} = {1919A1FB-A1D2-42B2-BBDD-76BC1E8444E4}
		{F0D13175-009A-4A8F-9485-C3127DC1BB5A} = {1919A1FB-A1D2-42B2-BBDD-76BC1E8444E4}
		{66FA475F-36C7-44FB-8DDB-021FE3E032D7} = {1919A1FB-A1D2-42B2-BBDD-76BC1E8444E4}
		{8E2B91D3-81B6-45F7-9EC7-54351E78A314} = {8E1BF92C-D09B-4B41-B88E-ACD27B262D98}
		{452513AA-A468-4021-9B8D-4386B0ED23C4} = {8E1BF92C-D09B-4B41-B88E-ACD27B262D98}
		{ED901C6D-DB9C-4EA0-8098-D9B217AF70DF} = {8E1BF92C-D09B-4B41-B88E-ACD27B262D98}
		{D0E7585E-0285-4879-80F6-B411F88A9798} = {86BADF10-1E2A-469F-AFAC-FB66CDBFC6F6}
		{93224890-018D-4F20-8E8B-694062E0146E} = {86BADF10-1E2A-469F-AFAC-FB66CDBFC6F6}
		{5C3AECB8-235D-4296-88E3-6CD6A1E4CE79} = {86BADF10-1E2A-469F-AFAC-FB66CDBFC6F6}
	EndGlobalSection
	GlobalSection(ExtensibilityGlobals) = postSolution
		SolutionGuid = {33780528-2714-4E4D-8922-A8E2053A4DD0}
	EndGlobalSection
EndGlobal
